
Microsoft Visual Studio Solution File, Format Version 12.00
# Visual Studio Version 17
Project("{2150E333-8FDC-42A3-9474-1A3956D46DE8}") = "CMakePredefinedTargets", "CMakePredefinedTargets", "{FF38878C-7429-36D9-80A1-CDCBE2339238}"
EndProject
Project("{2150E333-8FDC-42A3-9474-1A3956D46DE8}") = "GLFW3", "GLFW3", "{DA0CD744-4644-3082-8826-8E3D6960FC41}"
EndProject
Project("{8BC9CEB8-8B4A-11D0-8D11-00A0C91BC942}") = "ALL_BUILD", "ALL_BUILD.vcxproj", "{9B516049-69B4-3770-86A5-20A15DBB3DD6}"
	ProjectSection(ProjectDependencies) = postProject
		{3D7726C5-B496-31D1-83D8-0B7EA9C97487} = {3D7726C5-B496-31D1-83D8-0B7EA9C97487}
		{FCCD72B4-05AA-3ABC-B5FC-B60EF26818CA} = {FCCD72B4-05AA-3ABC-B5FC-B60EF26818CA}
	EndProjectSection
EndProject
Project("{8BC9CEB8-8B4A-11D0-8D11-00A0C91BC942}") = "INSTALL", "INSTALL.vcxproj", "{556CE9B3-00C7-33A7-980B-6326ECFF17F4}"
	ProjectSection(ProjectDependencies) = postProject
		{9B516049-69B4-3770-86A5-20A15DBB3DD6} = {9B516049-69B4-3770-86A5-20A15DBB3DD6}
		{3D7726C5-B496-31D1-83D8-0B7EA9C97487} = {3D7726C5-B496-31D1-83D8-0B7EA9C97487}
	EndProjectSection
EndProject
Project("{8BC9CEB8-8B4A-11D0-8D11-00A0C91BC942}") = "PACKAGE", "PACKAGE.vcxproj", "{C8C4C462-DC44-36BF-9FFE-A3B410670014}"
	ProjectSection(ProjectDependencies) = postProject
		{9B516049-69B4-3770-86A5-20A15DBB3DD6} = {9B516049-69B4-3770-86A5-20A15DBB3DD6}
		{3D7726C5-B496-31D1-83D8-0B7EA9C97487} = {3D7726C5-B496-31D1-83D8-0B7EA9C97487}
	EndProjectSection
EndProject
Project("{8BC9CEB8-8B4A-11D0-8D11-00A0C91BC942}") = "ZERO_CHECK", "..\\ZERO_CHECK.vcxproj", "{3D7726C5-B496-31D1-83D8-0B7EA9C97487}"
	ProjectSection(ProjectDependencies) = postProject
	EndProjectSection
EndProject
Project("{8BC9CEB8-8B4A-11D0-8D11-00A0C91BC942}") = "glfw", "..\_deps\raylib-build\raylib\external\glfw\src\glfw.vcxproj", "{63354B68-C3D7-3085-AE09-38D12895A06F}"
	ProjectSection(ProjectDependencies) = postProject
		{3D7726C5-B496-31D1-83D8-0B7EA9C97487} = {3D7726C5-B496-31D1-83D8-0B7EA9C97487}
	EndProjectSection
EndProject
Project("{8BC9CEB8-8B4A-11D0-8D11-00A0C91BC942}") = "hunterGame", "hunterGame.vcxproj", "{FCCD72B4-05AA-3ABC-B5FC-B60EF26818CA}"
	ProjectSection(ProjectDependencies) = postProject
		{3D7726C5-B496-31D1-83D8-0B7EA9C97487} = {3D7726C5-B496-31D1-83D8-0B7EA9C97487}
		{63354B68-C3D7-3085-AE09-38D12895A06F} = {63354B68-C3D7-3085-AE09-38D12895A06F}
		{D3EF3794-5962-35C1-8483-88F69E0FC1EB} = {D3EF3794-5962-35C1-8483-88F69E0FC1EB}
	EndProjectSection
EndProject
Project("{8BC9CEB8-8B4A-11D0-8D11-00A0C91BC942}") = "raylib", "..\_deps\raylib-build\raylib\raylib.vcxproj", "{D3EF3794-5962-35C1-8483-88F69E0FC1EB}"
	ProjectSection(ProjectDependencies) = postProject
		{3D7726C5-B496-31D1-83D8-0B7EA9C97487} = {3D7726C5-B496-31D1-83D8-0B7EA9C97487}
		{63354B68-C3D7-3085-AE09-38D12895A06F} = {63354B68-C3D7-3085-AE09-38D12895A06F}
	EndProjectSection
EndProject
Global
	GlobalSection(SolutionConfigurationPlatforms) = preSolution
		Debug|x64 = Debug|x64
		Release|x64 = Release|x64
		MinSizeRel|x64 = MinSizeRel|x64
		RelWithDebInfo|x64 = RelWithDebInfo|x64
	EndGlobalSection
	GlobalSection(ProjectConfigurationPlatforms) = postSolution
		{9B516049-69B4-3770-86A5-20A15DBB3DD6}.Debug|x64.ActiveCfg = Debug|x64
		{9B516049-69B4-3770-86A5-20A15DBB3DD6}.Debug|x64.Build.0 = Debug|x64
		{9B516049-69B4-3770-86A5-20A15DBB3DD6}.Release|x64.ActiveCfg = Release|x64
		{9B516049-69B4-3770-86A5-20A15DBB3DD6}.Release|x64.Build.0 = Release|x64
		{9B516049-69B4-3770-86A5-20A15DBB3DD6}.MinSizeRel|x64.ActiveCfg = MinSizeRel|x64
		{9B516049-69B4-3770-86A5-20A15DBB3DD6}.MinSizeRel|x64.Build.0 = MinSizeRel|x64
		{9B516049-69B4-3770-86A5-20A15DBB3DD6}.RelWithDebInfo|x64.ActiveCfg = RelWithDebInfo|x64
		{9B516049-69B4-3770-86A5-20A15DBB3DD6}.RelWithDebInfo|x64.Build.0 = RelWithDebInfo|x64
		{556CE9B3-00C7-33A7-980B-6326ECFF17F4}.Debug|x64.ActiveCfg = Debug|x64
		{556CE9B3-00C7-33A7-980B-6326ECFF17F4}.Release|x64.ActiveCfg = Release|x64
		{556CE9B3-00C7-33A7-980B-6326ECFF17F4}.MinSizeRel|x64.ActiveCfg = MinSizeRel|x64
		{556CE9B3-00C7-33A7-980B-6326ECFF17F4}.RelWithDebInfo|x64.ActiveCfg = RelWithDebInfo|x64
		{C8C4C462-DC44-36BF-9FFE-A3B410670014}.Debug|x64.ActiveCfg = Debug|x64
		{C8C4C462-DC44-36BF-9FFE-A3B410670014}.Release|x64.ActiveCfg = Release|x64
		{C8C4C462-DC44-36BF-9FFE-A3B410670014}.MinSizeRel|x64.ActiveCfg = MinSizeRel|x64
		{C8C4C462-DC44-36BF-9FFE-A3B410670014}.RelWithDebInfo|x64.ActiveCfg = RelWithDebInfo|x64
		{3D7726C5-B496-31D1-83D8-0B7EA9C97487}.Debug|x64.ActiveCfg = Debug|x64
		{3D7726C5-B496-31D1-83D8-0B7EA9C97487}.Debug|x64.Build.0 = Debug|x64
		{3D7726C5-B496-31D1-83D8-0B7EA9C97487}.Release|x64.ActiveCfg = Release|x64
		{3D7726C5-B496-31D1-83D8-0B7EA9C97487}.Release|x64.Build.0 = Release|x64
		{3D7726C5-B496-31D1-83D8-0B7EA9C97487}.MinSizeRel|x64.ActiveCfg = MinSizeRel|x64
		{3D7726C5-B496-31D1-83D8-0B7EA9C97487}.MinSizeRel|x64.Build.0 = MinSizeRel|x64
		{3D7726C5-B496-31D1-83D8-0B7EA9C97487}.RelWithDebInfo|x64.ActiveCfg = RelWithDebInfo|x64
		{3D7726C5-B496-31D1-83D8-0B7EA9C97487}.RelWithDebInfo|x64.Build.0 = RelWithDebInfo|x64
		{63354B68-C3D7-3085-AE09-38D12895A06F}.Debug|x64.ActiveCfg = Debug|x64
		{63354B68-C3D7-3085-AE09-38D12895A06F}.Debug|x64.Build.0 = Debug|x64
		{63354B68-C3D7-3085-AE09-38D12895A06F}.Release|x64.ActiveCfg = Release|x64
		{63354B68-C3D7-3085-AE09-38D12895A06F}.Release|x64.Build.0 = Release|x64
		{63354B68-C3D7-3085-AE09-38D12895A06F}.MinSizeRel|x64.ActiveCfg = MinSizeRel|x64
		{63354B68-C3D7-3085-AE09-38D12895A06F}.MinSizeRel|x64.Build.0 = MinSizeRel|x64
		{63354B68-C3D7-3085-AE09-38D12895A06F}.RelWithDebInfo|x64.ActiveCfg = RelWithDebInfo|x64
		{63354B68-C3D7-3085-AE09-38D12895A06F}.RelWithDebInfo|x64.Build.0 = RelWithDebInfo|x64
		{FCCD72B4-05AA-3ABC-B5FC-B60EF26818CA}.Debug|x64.ActiveCfg = Debug|x64
		{FCCD72B4-05AA-3ABC-B5FC-B60EF26818CA}.Debug|x64.Build.0 = Debug|x64
		{FCCD72B4-05AA-3ABC-B5FC-B60EF26818CA}.Release|x64.ActiveCfg = Release|x64
		{FCCD72B4-05AA-3ABC-B5FC-B60EF26818CA}.Release|x64.Build.0 = Release|x64
		{FCCD72B4-05AA-3ABC-B5FC-B60EF26818CA}.MinSizeRel|x64.ActiveCfg = MinSizeRel|x64
		{FCCD72B4-05AA-3ABC-B5FC-B60EF26818CA}.MinSizeRel|x64.Build.0 = MinSizeRel|x64
		{FCCD72B4-05AA-3ABC-B5FC-B60EF26818CA}.RelWithDebInfo|x64.ActiveCfg = RelWithDebInfo|x64
		{FCCD72B4-05AA-3ABC-B5FC-B60EF26818CA}.RelWithDebInfo|x64.Build.0 = RelWithDebInfo|x64
		{D3EF3794-5962-35C1-8483-88F69E0FC1EB}.Debug|x64.ActiveCfg = Debug|x64
		{D3EF3794-5962-35C1-8483-88F69E0FC1EB}.Debug|x64.Build.0 = Debug|x64
		{D3EF3794-5962-35C1-8483-88F69E0FC1EB}.Release|x64.ActiveCfg = Release|x64
		{D3EF3794-5962-35C1-8483-88F69E0FC1EB}.Release|x64.Build.0 = Release|x64
		{D3EF3794-5962-35C1-8483-88F69E0FC1EB}.MinSizeRel|x64.ActiveCfg = MinSizeRel|x64
		{D3EF3794-5962-35C1-8483-88F69E0FC1EB}.MinSizeRel|x64.Build.0 = MinSizeRel|x64
		{D3EF3794-5962-35C1-8483-88F69E0FC1EB}.RelWithDebInfo|x64.ActiveCfg = RelWithDebInfo|x64
		{D3EF3794-5962-35C1-8483-88F69E0FC1EB}.RelWithDebInfo|x64.Build.0 = RelWithDebInfo|x64
	EndGlobalSection
	GlobalSection(NestedProjects) = preSolution
		{9B516049-69B4-3770-86A5-20A15DBB3DD6} = {FF38878C-7429-36D9-80A1-CDCBE2339238}
		{556CE9B3-00C7-33A7-980B-6326ECFF17F4} = {FF38878C-7429-36D9-80A1-CDCBE2339238}
		{C8C4C462-DC44-36BF-9FFE-A3B410670014} = {FF38878C-7429-36D9-80A1-CDCBE2339238}
		{3D7726C5-B496-31D1-83D8-0B7EA9C97487} = {FF38878C-7429-36D9-80A1-CDCBE2339238}
		{63354B68-C3D7-3085-AE09-38D12895A06F} = {DA0CD744-4644-3082-8826-8E3D6960FC41}
	EndGlobalSection
	GlobalSection(ExtensibilityGlobals) = postSolution
		SolutionGuid = {13AEC208-09CF-3CAF-BBF0-97C52CEC5A7A}
	EndGlobalSection
	GlobalSection(ExtensibilityAddIns) = postSolution
	EndGlobalSection
EndGlobal
